
Microsoft Visual Studio Solution File, Format Version 12.00
# Visual Studio Version 17
VisualStudioVersion = 17.2.32602.215
MinimumVisualStudioVersion = 10.0.40219.1
Project("{8BC9CEB8-8B4A-11D0-8D11-00A0C91BC942}") = "3_texture", "3_texture.vcxproj", "{FA452B74-45A5-4C13-8E9C-90114772B796}"
EndProject
Global
	GlobalSection(SolutionConfigurationPlatforms) = preSolution
		Debug|x64 = Debug|x64
		Debug|x86 = Debug|x86
		Release|x64 = Release|x64
		Release|x86 = Release|x86
	EndGlobalSection
	GlobalSection(ProjectConfigurationPlatforms) = postSolution
		{FA452B74-45A5-4C13-8E9C-90114772B796}.Debug|x64.ActiveCfg = Debug|x64
		{FA452B74-45A5-4C13-8E9C-90114772B796}.Debug|x64.Build.0 = Debug|x64
		{FA452B74-45A5-4C13-8E9C-90114772B796}.Debug|x86.ActiveCfg = Debug|Win32
		{FA452B74-45A5-4C13-8E9C-90114772B796}.Debug|x86.Build.0 = Debug|Win32
		{FA452B74-45A5-4C13-8E9C-90114772B796}.Release|x64.ActiveCfg = Release|x64
		{FA452B74-45A5-4C13-8E9C-90114772B796}.Release|x64.Build.0 = Release|x64
		{FA452B74-45A5-4C13-8E9C-90114772B796}.Release|x86.ActiveCfg = Release|Win32
		{FA452B74-45A5-4C13-8E9C-90114772B796}.Release|x86.Build.0 = Release|Win32
	EndGlobalSection
	GlobalSection(SolutionProperties) = preSolution
		HideSolutionNode = FALSE
	EndGlobalSection
	GlobalSection(ExtensibilityGlobals) = postSolution
		SolutionGuid = {5FB08A6E-A4BD-44B8-9537-E83C7E86291C}
	EndGlobalSection
EndGlobal
